
Microsoft Visual Studio Solution File, Format Version 12.00
Project("{FAE04EC0-301F-11D3-BF4B-00C04F79EFBC}") = "DotNetMusicApi", "DotNetMusicApi.csproj", "{96DE2632-D270-4C53-8557-E57524CC31C9}"
EndProject
Project("{FAE04EC0-301F-11D3-BF4B-00C04F79EFBC}") = "DotNetMusicApi.Services", "..\DotNetMusicApi.Services\DotNetMusicApi.Services.csproj", "{67C6489B-CA3D-487A-98F7-297BC19EE45E}"
EndProject
Global
	GlobalSection(SolutionConfigurationPlatforms) = preSolution
		Debug|Any CPU = Debug|Any CPU
		Release|Any CPU = Release|Any CPU
	EndGlobalSection
	GlobalSection(ProjectConfigurationPlatforms) = postSolution
		{96DE2632-D270-4C53-8557-E57524CC31C9}.Debug|Any CPU.ActiveCfg = Debug|Any CPU
		{96DE2632-D270-4C53-8557-E57524CC31C9}.Debug|Any CPU.Build.0 = Debug|Any CPU
		{96DE2632-D270-4C53-8557-E57524CC31C9}.Release|Any CPU.ActiveCfg = Release|Any CPU
		{96DE2632-D270-4C53-8557-E57524CC31C9}.Release|Any CPU.Build.0 = Release|Any CPU
		{67C6489B-CA3D-487A-98F7-297BC19EE45E}.Debug|Any CPU.ActiveCfg = Debug|Any CPU
		{67C6489B-CA3D-487A-98F7-297BC19EE45E}.Debug|Any CPU.Build.0 = Debug|Any CPU
		{67C6489B-CA3D-487A-98F7-297BC19EE45E}.Release|Any CPU.ActiveCfg = Release|Any CPU
		{67C6489B-CA3D-487A-98F7-297BC19EE45E}.Release|Any CPU.Build.0 = Release|Any CPU
	EndGlobalSection
EndGlobal
